// !$*UTF8*$!
{
	archiveVersion = 1;
	classes = {
	};
	objectVersion = 46;
	objects = {

/* Begin PBXBuildFile section */
		98014F9D1BC16DBA0020B48D /* AppDelegate.swift in Sources */ = {isa = PBXBuildFile; fileRef = 98014F9C1BC16DBA0020B48D /* AppDelegate.swift */; };
		98014F9F1BC16DBA0020B48D /* DrawingsViewController.swift in Sources */ = {isa = PBXBuildFile; fileRef = 98014F9E1BC16DBA0020B48D /* DrawingsViewController.swift */; };
		98014FA41BC16DBA0020B48D /* Assets.xcassets in Resources */ = {isa = PBXBuildFile; fileRef = 98014FA31BC16DBA0020B48D /* Assets.xcassets */; };
		98014FA71BC16DBA0020B48D /* LaunchScreen.storyboard in Resources */ = {isa = PBXBuildFile; fileRef = 98014FA51BC16DBA0020B48D /* LaunchScreen.storyboard */; };
		98014FD11BC1AD760020B48D /* DrawingOptionsViewController.swift in Sources */ = {isa = PBXBuildFile; fileRef = 98014FD01BC1AD760020B48D /* DrawingOptionsViewController.swift */; settings = {ASSET_TAGS = (); }; };
		98014FD51BC1B8BE0020B48D /* DrawingPlayerViewController.swift in Sources */ = {isa = PBXBuildFile; fileRef = 98014FD41BC1B8BE0020B48D /* DrawingPlayerViewController.swift */; settings = {ASSET_TAGS = (); }; };
		98312FD41BC371C5006092FA /* SizePickerViewController.swift in Sources */ = {isa = PBXBuildFile; fileRef = 98312FD31BC371C5006092FA /* SizePickerViewController.swift */; settings = {ASSET_TAGS = (); }; };
		98312FD61BC38C69006092FA /* DrawingCanvasView.swift in Sources */ = {isa = PBXBuildFile; fileRef = 98312FD51BC38C69006092FA /* DrawingCanvasView.swift */; settings = {ASSET_TAGS = (); }; };
		989A2B501BC2D2E7001375CD /* Drawing.swift in Sources */ = {isa = PBXBuildFile; fileRef = 989A2B4F1BC2D2E7001375CD /* Drawing.swift */; settings = {ASSET_TAGS = (); }; };
		989A2B521BC2E001001375CD /* DrawingBinaryProcessor.swift in Sources */ = {isa = PBXBuildFile; fileRef = 989A2B511BC2E001001375CD /* DrawingBinaryProcessor.swift */; settings = {ASSET_TAGS = (); }; };
		989A2B541BC2E00E001375CD /* DrawingJsonProcessor.swift in Sources */ = {isa = PBXBuildFile; fileRef = 989A2B531BC2E00E001375CD /* DrawingJsonProcessor.swift */; settings = {ASSET_TAGS = (); }; };
		989A2B5A1BC315F1001375CD /* DrawingViewController.swift in Sources */ = {isa = PBXBuildFile; fileRef = 989A2B571BC315F1001375CD /* DrawingViewController.swift */; settings = {ASSET_TAGS = (); }; };
		989A2B5B1BC315F1001375CD /* CanvasView.swift in Sources */ = {isa = PBXBuildFile; fileRef = 989A2B581BC315F1001375CD /* CanvasView.swift */; settings = {ASSET_TAGS = (); }; };
		989A2B5C1BC315F1001375CD /* Line.swift in Sources */ = {isa = PBXBuildFile; fileRef = 989A2B591BC315F1001375CD /* Line.swift */; settings = {ASSET_TAGS = (); }; };
		989A2B601BC329F1001375CD /* ColorPickerViewController.swift in Sources */ = {isa = PBXBuildFile; fileRef = 989A2B5F1BC329F1001375CD /* ColorPickerViewController.swift */; settings = {ASSET_TAGS = (); }; };
		98CF93481BCBFF5400047EDA /* test826957259.ibdr in Resources */ = {isa = PBXBuildFile; fileRef = 98CF93441BCBF32C00047EDA /* test826957259.ibdr */; settings = {ASSET_TAGS = (); }; };
		98CF93491BCBFF5700047EDA /* 561bc1d202f859ee1d0041a8.ibdr in Resources */ = {isa = PBXBuildFile; fileRef = 98CF93461BCBF9BA00047EDA /* 561bc1d202f859ee1d0041a8.ibdr */; settings = {ASSET_TAGS = (); }; };
		98CF934C1BCC011200047EDA /* UIColorExtension.swift in Sources */ = {isa = PBXBuildFile; fileRef = 98CF934B1BCC011200047EDA /* UIColorExtension.swift */; settings = {ASSET_TAGS = (); }; };
/* End PBXBuildFile section */

/* Begin PBXFileReference section */
		98014F991BC16DBA0020B48D /* drawmoji.app */ = {isa = PBXFileReference; explicitFileType = wrapper.application; includeInIndex = 0; path = drawmoji.app; sourceTree = BUILT_PRODUCTS_DIR; };
		98014F9C1BC16DBA0020B48D /* AppDelegate.swift */ = {isa = PBXFileReference; lastKnownFileType = sourcecode.swift; path = AppDelegate.swift; sourceTree = "<group>"; };
		98014F9E1BC16DBA0020B48D /* DrawingsViewController.swift */ = {isa = PBXFileReference; lastKnownFileType = sourcecode.swift; path = DrawingsViewController.swift; sourceTree = "<group>"; };
		98014FA31BC16DBA0020B48D /* Assets.xcassets */ = {isa = PBXFileReference; lastKnownFileType = folder.assetcatalog; path = Assets.xcassets; sourceTree = "<group>"; };
		98014FA61BC16DBA0020B48D /* Base */ = {isa = PBXFileReference; lastKnownFileType = file.storyboard; name = Base; path = Base.lproj/LaunchScreen.storyboard; sourceTree = "<group>"; };
		98014FA81BC16DBA0020B48D /* Info.plist */ = {isa = PBXFileReference; lastKnownFileType = text.plist.xml; path = Info.plist; sourceTree = "<group>"; };
		98014FD01BC1AD760020B48D /* DrawingOptionsViewController.swift */ = {isa = PBXFileReference; fileEncoding = 4; lastKnownFileType = sourcecode.swift; path = DrawingOptionsViewController.swift; sourceTree = "<group>"; };
		98014FD41BC1B8BE0020B48D /* DrawingPlayerViewController.swift */ = {isa = PBXFileReference; fileEncoding = 4; lastKnownFileType = sourcecode.swift; path = DrawingPlayerViewController.swift; sourceTree = "<group>"; };
		98312FD31BC371C5006092FA /* SizePickerViewController.swift */ = {isa = PBXFileReference; fileEncoding = 4; lastKnownFileType = sourcecode.swift; path = SizePickerViewController.swift; sourceTree = "<group>"; };
		98312FD51BC38C69006092FA /* DrawingCanvasView.swift */ = {isa = PBXFileReference; fileEncoding = 4; lastKnownFileType = sourcecode.swift; path = DrawingCanvasView.swift; sourceTree = "<group>"; };
		989A2B4F1BC2D2E7001375CD /* Drawing.swift */ = {isa = PBXFileReference; fileEncoding = 4; lastKnownFileType = sourcecode.swift; path = Drawing.swift; sourceTree = "<group>"; };
		989A2B511BC2E001001375CD /* DrawingBinaryProcessor.swift */ = {isa = PBXFileReference; fileEncoding = 4; lastKnownFileType = sourcecode.swift; path = DrawingBinaryProcessor.swift; sourceTree = "<group>"; };
		989A2B531BC2E00E001375CD /* DrawingJsonProcessor.swift */ = {isa = PBXFileReference; fileEncoding = 4; lastKnownFileType = sourcecode.swift; path = DrawingJsonProcessor.swift; sourceTree = "<group>"; };
		989A2B571BC315F1001375CD /* DrawingViewController.swift */ = {isa = PBXFileReference; fileEncoding = 4; lastKnownFileType = sourcecode.swift; path = DrawingViewController.swift; sourceTree = "<group>"; };
		989A2B581BC315F1001375CD /* CanvasView.swift */ = {isa = PBXFileReference; fileEncoding = 4; lastKnownFileType = sourcecode.swift; path = CanvasView.swift; sourceTree = "<group>"; };
		989A2B591BC315F1001375CD /* Line.swift */ = {isa = PBXFileReference; fileEncoding = 4; lastKnownFileType = sourcecode.swift; path = Line.swift; sourceTree = "<group>"; };
		989A2B5F1BC329F1001375CD /* ColorPickerViewController.swift */ = {isa = PBXFileReference; fileEncoding = 4; lastKnownFileType = sourcecode.swift; path = ColorPickerViewController.swift; sourceTree = "<group>"; };
		98CF93441BCBF32C00047EDA /* test826957259.ibdr */ = {isa = PBXFileReference; lastKnownFileType = file; path = test826957259.ibdr; sourceTree = "<group>"; };
		98CF93461BCBF9BA00047EDA /* 561bc1d202f859ee1d0041a8.ibdr */ = {isa = PBXFileReference; lastKnownFileType = text; path = 561bc1d202f859ee1d0041a8.ibdr; sourceTree = "<group>"; };
		98CF934B1BCC011200047EDA /* UIColorExtension.swift */ = {isa = PBXFileReference; fileEncoding = 4; lastKnownFileType = sourcecode.swift; path = UIColorExtension.swift; sourceTree = "<group>"; };
/* End PBXFileReference section */

/* Begin PBXFrameworksBuildPhase section */
		98014F961BC16DBA0020B48D /* Frameworks */ = {
			isa = PBXFrameworksBuildPhase;
			buildActionMask = 2147483647;
			files = (
			);
			runOnlyForDeploymentPostprocessing = 0;
		};
/* End PBXFrameworksBuildPhase section */

/* Begin PBXGroup section */
		98014F901BC16DBA0020B48D = {
			isa = PBXGroup;
			children = (
				98014F9B1BC16DBA0020B48D /* drawmoji */,
				98014F9A1BC16DBA0020B48D /* Products */,
			);
			sourceTree = "<group>";
		};
		98014F9A1BC16DBA0020B48D /* Products */ = {
			isa = PBXGroup;
			children = (
				98014F991BC16DBA0020B48D /* drawmoji.app */,
			);
			name = Products;
			sourceTree = "<group>";
		};
		98014F9B1BC16DBA0020B48D /* drawmoji */ = {
			isa = PBXGroup;
			children = (
				98014F9C1BC16DBA0020B48D /* AppDelegate.swift */,
				9889ED111BC61A690098A25E /* Controllers */,
				9889ED121BC61AFD0098A25E /* Models */,
				9889ED131BC61B0B0098A25E /* Resources */,
				9889ED141BC61B410098A25E /* Utilities */,
				9889ED101BC61A550098A25E /* Views */,
			);
			path = drawmoji;
			sourceTree = "<group>";
		};
		9889ED101BC61A550098A25E /* Views */ = {
			isa = PBXGroup;
			children = (
				989A2B581BC315F1001375CD /* CanvasView.swift */,
				98312FD51BC38C69006092FA /* DrawingCanvasView.swift */,
			);
			name = Views;
			sourceTree = "<group>";
		};
		9889ED111BC61A690098A25E /* Controllers */ = {
			isa = PBXGroup;
			children = (
				989A2B5F1BC329F1001375CD /* ColorPickerViewController.swift */,
				98014FD01BC1AD760020B48D /* DrawingOptionsViewController.swift */,
				98014FD41BC1B8BE0020B48D /* DrawingPlayerViewController.swift */,
				98014F9E1BC16DBA0020B48D /* DrawingsViewController.swift */,
				989A2B571BC315F1001375CD /* DrawingViewController.swift */,
				98312FD31BC371C5006092FA /* SizePickerViewController.swift */,
			);
			name = Controllers;
			sourceTree = "<group>";
		};
		9889ED121BC61AFD0098A25E /* Models */ = {
			isa = PBXGroup;
			children = (
				989A2B4F1BC2D2E7001375CD /* Drawing.swift */,
				989A2B591BC315F1001375CD /* Line.swift */,
			);
			name = Models;
			sourceTree = "<group>";
		};
		9889ED131BC61B0B0098A25E /* Resources */ = {
			isa = PBXGroup;
			children = (
				98CF93461BCBF9BA00047EDA /* 561bc1d202f859ee1d0041a8.ibdr */,
				98014FA31BC16DBA0020B48D /* Assets.xcassets */,
				98014FA81BC16DBA0020B48D /* Info.plist */,
				98014FA51BC16DBA0020B48D /* LaunchScreen.storyboard */,
				98CF93441BCBF32C00047EDA /* test826957259.ibdr */,
			);
			name = Resources;
			sourceTree = "<group>";
		};
		9889ED141BC61B410098A25E /* Utilities */ = {
			isa = PBXGroup;
			children = (
				98CF934B1BCC011200047EDA /* UIColorExtension.swift */,
				989A2B511BC2E001001375CD /* DrawingBinaryProcessor.swift */,
				989A2B531BC2E00E001375CD /* DrawingJsonProcessor.swift */,
			);
			name = Utilities;
			sourceTree = "<group>";
		};
/* End PBXGroup section */

/* Begin PBXNativeTarget section */
		98014F981BC16DBA0020B48D /* drawmoji */ = {
			isa = PBXNativeTarget;
			buildConfigurationList = 98014FAB1BC16DBA0020B48D /* Build configuration list for PBXNativeTarget "drawmoji" */;
			buildPhases = (
				98014F951BC16DBA0020B48D /* Sources */,
				98014F961BC16DBA0020B48D /* Frameworks */,
				98014F971BC16DBA0020B48D /* Resources */,
			);
			buildRules = (
			);
			dependencies = (
			);
			name = drawmoji;
			productName = drawmoji;
			productReference = 98014F991BC16DBA0020B48D /* drawmoji.app */;
			productType = "com.apple.product-type.application";
		};
/* End PBXNativeTarget section */

/* Begin PBXProject section */
		98014F911BC16DBA0020B48D /* Project object */ = {
			isa = PBXProject;
			attributes = {
				LastUpgradeCheck = 0700;
				ORGANIZATIONNAME = "Hani Shabsigh";
				TargetAttributes = {
					98014F981BC16DBA0020B48D = {
						CreatedOnToolsVersion = 7.0.1;
					};
				};
			};
			buildConfigurationList = 98014F941BC16DBA0020B48D /* Build configuration list for PBXProject "drawmoji" */;
			compatibilityVersion = "Xcode 3.2";
			developmentRegion = English;
			hasScannedForEncodings = 0;
			knownRegions = (
				en,
				Base,
			);
			mainGroup = 98014F901BC16DBA0020B48D;
			productRefGroup = 98014F9A1BC16DBA0020B48D /* Products */;
			projectDirPath = "";
			projectRoot = "";
			targets = (
				98014F981BC16DBA0020B48D /* drawmoji */,
			);
		};
/* End PBXProject section */

/* Begin PBXResourcesBuildPhase section */
		98014F971BC16DBA0020B48D /* Resources */ = {
			isa = PBXResourcesBuildPhase;
			buildActionMask = 2147483647;
			files = (
				98CF93481BCBFF5400047EDA /* test826957259.ibdr in Resources */,
				98014FA71BC16DBA0020B48D /* LaunchScreen.storyboard in Resources */,
				98014FA41BC16DBA0020B48D /* Assets.xcassets in Resources */,
				98CF93491BCBFF5700047EDA /* 561bc1d202f859ee1d0041a8.ibdr in Resources */,
			);
			runOnlyForDeploymentPostprocessing = 0;
		};
/* End PBXResourcesBuildPhase section */

/* Begin PBXSourcesBuildPhase section */
		98014F951BC16DBA0020B48D /* Sources */ = {
			isa = PBXSourcesBuildPhase;
			buildActionMask = 2147483647;
			files = (
				98014F9F1BC16DBA0020B48D /* DrawingsViewController.swift in Sources */,
				98CF934C1BCC011200047EDA /* UIColorExtension.swift in Sources */,
				98312FD41BC371C5006092FA /* SizePickerViewController.swift in Sources */,
				989A2B5B1BC315F1001375CD /* CanvasView.swift in Sources */,
				989A2B501BC2D2E7001375CD /* Drawing.swift in Sources */,
				989A2B5A1BC315F1001375CD /* DrawingViewController.swift in Sources */,
				989A2B601BC329F1001375CD /* ColorPickerViewController.swift in Sources */,
				989A2B541BC2E00E001375CD /* DrawingJsonProcessor.swift in Sources */,
				989A2B521BC2E001001375CD /* DrawingBinaryProcessor.swift in Sources */,
				98014FD51BC1B8BE0020B48D /* DrawingPlayerViewController.swift in Sources */,
				98312FD61BC38C69006092FA /* DrawingCanvasView.swift in Sources */,
				98014FD11BC1AD760020B48D /* DrawingOptionsViewController.swift in Sources */,
				989A2B5C1BC315F1001375CD /* Line.swift in Sources */,
				98014F9D1BC16DBA0020B48D /* AppDelegate.swift in Sources */,
			);
			runOnlyForDeploymentPostprocessing = 0;
		};
/* End PBXSourcesBuildPhase section */

/* Begin PBXVariantGroup section */
		98014FA51BC16DBA0020B48D /* LaunchScreen.storyboard */ = {
			isa = PBXVariantGroup;
			children = (
				98014FA61BC16DBA0020B48D /* Base */,
			);
			name = LaunchScreen.storyboard;
			sourceTree = "<group>";
		};
/* End PBXVariantGroup section */

/* Begin XCBuildConfiguration section */
		98014FA91BC16DBA0020B48D /* Debug */ = {
			isa = XCBuildConfiguration;
			buildSettings = {
				ALWAYS_SEARCH_USER_PATHS = NO;
				CLANG_CXX_LANGUAGE_STANDARD = "gnu++0x";
				CLANG_CXX_LIBRARY = "libc++";
				CLANG_ENABLE_MODULES = YES;
				CLANG_ENABLE_OBJC_ARC = YES;
				CLANG_WARN_BOOL_CONVERSION = YES;
				CLANG_WARN_CONSTANT_CONVERSION = YES;
				CLANG_WARN_DIRECT_OBJC_ISA_USAGE = YES_ERROR;
				CLANG_WARN_EMPTY_BODY = YES;
				CLANG_WARN_ENUM_CONVERSION = YES;
				CLANG_WARN_INT_CONVERSION = YES;
				CLANG_WARN_OBJC_ROOT_CLASS = YES_ERROR;
				CLANG_WARN_UNREACHABLE_CODE = YES;
				CLANG_WARN__DUPLICATE_METHOD_MATCH = YES;
				"CODE_SIGN_IDENTITY[sdk=iphoneos*]" = "iPhone Developer";
				COPY_PHASE_STRIP = NO;
				DEBUG_INFORMATION_FORMAT = dwarf;
				ENABLE_STRICT_OBJC_MSGSEND = YES;
				ENABLE_TESTABILITY = YES;
				GCC_C_LANGUAGE_STANDARD = gnu99;
				GCC_DYNAMIC_NO_PIC = NO;
				GCC_NO_COMMON_BLOCKS = YES;
				GCC_OPTIMIZATION_LEVEL = 0;
				GCC_PREPROCESSOR_DEFINITIONS = (
					"DEBUG=1",
					"$(inherited)",
				);
				GCC_WARN_64_TO_32_BIT_CONVERSION = YES;
				GCC_WARN_ABOUT_RETURN_TYPE = YES_ERROR;
				GCC_WARN_UNDECLARED_SELECTOR = YES;
				GCC_WARN_UNINITIALIZED_AUTOS = YES_AGGRESSIVE;
				GCC_WARN_UNUSED_FUNCTION = YES;
				GCC_WARN_UNUSED_VARIABLE = YES;
				IPHONEOS_DEPLOYMENT_TARGET = 8.0;
				MTL_ENABLE_DEBUG_INFO = YES;
				ONLY_ACTIVE_ARCH = YES;
				SDKROOT = iphoneos;
				SWIFT_OPTIMIZATION_LEVEL = "-Onone";
				TARGETED_DEVICE_FAMILY = "1,2";
			};
			name = Debug;
		};
		98014FAA1BC16DBA0020B48D /* Release */ = {
			isa = XCBuildConfiguration;
			buildSettings = {
				ALWAYS_SEARCH_USER_PATHS = NO;
				CLANG_CXX_LANGUAGE_STANDARD = "gnu++0x";
				CLANG_CXX_LIBRARY = "libc++";
				CLANG_ENABLE_MODULES = YES;
				CLANG_ENABLE_OBJC_ARC = YES;
				CLANG_WARN_BOOL_CONVERSION = YES;
				CLANG_WARN_CONSTANT_CONVERSION = YES;
				CLANG_WARN_DIRECT_OBJC_ISA_USAGE = YES_ERROR;
				CLANG_WARN_EMPTY_BODY = YES;
				CLANG_WARN_ENUM_CONVERSION = YES;
				CLANG_WARN_INT_CONVERSION = YES;
				CLANG_WARN_OBJC_ROOT_CLASS = YES_ERROR;
				CLANG_WARN_UNREACHABLE_CODE = YES;
				CLANG_WARN__DUPLICATE_METHOD_MATCH = YES;
				"CODE_SIGN_IDENTITY[sdk=iphoneos*]" = "iPhone Developer";
				COPY_PHASE_STRIP = NO;
				DEBUG_INFORMATION_FORMAT = "dwarf-with-dsym";
				ENABLE_NS_ASSERTIONS = NO;
				ENABLE_STRICT_OBJC_MSGSEND = YES;
				GCC_C_LANGUAGE_STANDARD = gnu99;
				GCC_NO_COMMON_BLOCKS = YES;
				GCC_WARN_64_TO_32_BIT_CONVERSION = YES;
				GCC_WARN_ABOUT_RETURN_TYPE = YES_ERROR;
				GCC_WARN_UNDECLARED_SELECTOR = YES;
				GCC_WARN_UNINITIALIZED_AUTOS = YES_AGGRESSIVE;
				GCC_WARN_UNUSED_FUNCTION = YES;
				GCC_WARN_UNUSED_VARIABLE = YES;
				IPHONEOS_DEPLOYMENT_TARGET = 8.0;
				MTL_ENABLE_DEBUG_INFO = NO;
				SDKROOT = iphoneos;
				TARGETED_DEVICE_FAMILY = "1,2";
				VALIDATE_PRODUCT = YES;
			};
			name = Release;
		};
		98014FAC1BC16DBA0020B48D /* Debug */ = {
			isa = XCBuildConfiguration;
			buildSettings = {
				ASSETCATALOG_COMPILER_APPICON_NAME = AppIcon;
				INFOPLIST_FILE = drawmoji/Info.plist;
				LD_RUNPATH_SEARCH_PATHS = "$(inherited) @executable_path/Frameworks";
				PRODUCT_BUNDLE_IDENTIFIER = com.inboxtheapp.drawmoji;
				PRODUCT_NAME = "$(TARGET_NAME)";
			};
			name = Debug;
		};
		98014FAD1BC16DBA0020B48D /* Release */ = {
			isa = XCBuildConfiguration;
			buildSettings = {
				ASSETCATALOG_COMPILER_APPICON_NAME = AppIcon;
				INFOPLIST_FILE = drawmoji/Info.plist;
				LD_RUNPATH_SEARCH_PATHS = "$(inherited) @executable_path/Frameworks";
				PRODUCT_BUNDLE_IDENTIFIER = com.inboxtheapp.drawmoji;
				PRODUCT_NAME = "$(TARGET_NAME)";
			};
			name = Release;
		};
/* End XCBuildConfiguration section */

/* Begin XCConfigurationList section */
		98014F941BC16DBA0020B48D /* Build configuration list for PBXProject "drawmoji" */ = {
			isa = XCConfigurationList;
			buildConfigurations = (
				98014FA91BC16DBA0020B48D /* Debug */,
				98014FAA1BC16DBA0020B48D /* Release */,
			);
			defaultConfigurationIsVisible = 0;
			defaultConfigurationName = Release;
		};
		98014FAB1BC16DBA0020B48D /* Build configuration list for PBXNativeTarget "drawmoji" */ = {
			isa = XCConfigurationList;
			buildConfigurations = (
				98014FAC1BC16DBA0020B48D /* Debug */,
				98014FAD1BC16DBA0020B48D /* Release */,
			);
			defaultConfigurationIsVisible = 0;
			defaultConfigurationName = Release;
		};
/* End XCConfigurationList section */
	};
	rootObject = 98014F911BC16DBA0020B48D /* Project object */;
}
